
Microsoft Visual Studio Solution File, Format Version 12.00
Project("{FAE04EC0-301F-11D3-BF4B-00C04F79EFBC}") = "SNet_Server", "SNet_Server\SNet_Server.csproj", "{34B05315-0495-4E9E-817A-2A9C13C10FFB}"
EndProject
Project("{FAE04EC0-301F-11D3-BF4B-00C04F79EFBC}") = "SNet_Client", "SNet_Client\SNet_Client.csproj", "{B7D4308F-309E-40F2-98E4-B4470CC3D6BA}"
EndProject
Project("{FAE04EC0-301F-11D3-BF4B-00C04F79EFBC}") = "SNet_Utils", "SNet_Utils\SNet_Utils.csproj", "{A34DB71F-6CE3-4AC7-9634-F213EAA8FD20}"
EndProject
Global
	GlobalSection(SolutionConfigurationPlatforms) = preSolution
		Debug|Any CPU = Debug|Any CPU
		Release|Any CPU = Release|Any CPU
	EndGlobalSection
	GlobalSection(ProjectConfigurationPlatforms) = postSolution
		{34B05315-0495-4E9E-817A-2A9C13C10FFB}.Debug|Any CPU.ActiveCfg = Debug|Any CPU
		{34B05315-0495-4E9E-817A-2A9C13C10FFB}.Debug|Any CPU.Build.0 = Debug|Any CPU
		{34B05315-0495-4E9E-817A-2A9C13C10FFB}.Release|Any CPU.ActiveCfg = Release|Any CPU
		{34B05315-0495-4E9E-817A-2A9C13C10FFB}.Release|Any CPU.Build.0 = Release|Any CPU
		{B7D4308F-309E-40F2-98E4-B4470CC3D6BA}.Debug|Any CPU.ActiveCfg = Debug|Any CPU
		{B7D4308F-309E-40F2-98E4-B4470CC3D6BA}.Debug|Any CPU.Build.0 = Debug|Any CPU
		{B7D4308F-309E-40F2-98E4-B4470CC3D6BA}.Release|Any CPU.ActiveCfg = Release|Any CPU
		{B7D4308F-309E-40F2-98E4-B4470CC3D6BA}.Release|Any CPU.Build.0 = Release|Any CPU
		{A34DB71F-6CE3-4AC7-9634-F213EAA8FD20}.Debug|Any CPU.ActiveCfg = Debug|Any CPU
		{A34DB71F-6CE3-4AC7-9634-F213EAA8FD20}.Debug|Any CPU.Build.0 = Debug|Any CPU
		{A34DB71F-6CE3-4AC7-9634-F213EAA8FD20}.Release|Any CPU.ActiveCfg = Release|Any CPU
		{A34DB71F-6CE3-4AC7-9634-F213EAA8FD20}.Release|Any CPU.Build.0 = Release|Any CPU
	EndGlobalSection
EndGlobal
